
Microsoft Visual Studio Solution File, Format Version 12.00
# Visual Studio Version 17
VisualStudioVersion = 17.9.34723.18
MinimumVisualStudioVersion = 10.0.40219.1
Project("{FAE04EC0-301F-11D3-BF4B-00C04F79EFBC}") = "listboxtest", "listboxtest.csproj", "{E48145C5-6E7A-402C-87F5-2E927E5C5556}"
EndProject
Global
	GlobalSection(SolutionConfigurationPlatforms) = preSolution
		Debug|Any CPU = Debug|Any CPU
		Release|Any CPU = Release|Any CPU
	EndGlobalSection
	GlobalSection(ProjectConfigurationPlatforms) = postSolution
		{E48145C5-6E7A-402C-87F5-2E927E5C5556}.Debug|Any CPU.ActiveCfg = Debug|Any CPU
		{E48145C5-6E7A-402C-87F5-2E927E5C5556}.Debug|Any CPU.Build.0 = Debug|Any CPU
		{E48145C5-6E7A-402C-87F5-2E927E5C5556}.Release|Any CPU.ActiveCfg = Release|Any CPU
		{E48145C5-6E7A-402C-87F5-2E927E5C5556}.Release|Any CPU.Build.0 = Release|Any CPU
	EndGlobalSection
	GlobalSection(SolutionProperties) = preSolution
		HideSolutionNode = FALSE
	EndGlobalSection
	GlobalSection(ExtensibilityGlobals) = postSolution
		SolutionGuid = {62F168E3-03B0-4420-A480-BE88F1B73C90}
	EndGlobalSection
EndGlobal
